{
    "version": 3,
    "terraform_version": "0.11.3",
    "serial": 3,
    "lineage": "b7a1d21f-6d64-4761-b49c-66bfc2d001a9",
    "modules": [
        {
            "path": [
                "root"
            ],
            "outputs": {},
            "resources": {
                "aws_dynamodb_table.dynamodb-terraform-state": {
                    "type": "aws_dynamodb_table",
                    "depends_on": [],
                    "primary": {
                        "id": "dynamodb-terraform-state-lock",
                        "attributes": {
                            "arn": "arn:aws:dynamodb:us-east-1:511386816865:table/dynamodb-terraform-state-lock",
                            "attribute.#": "1",
                            "attribute.2068930648.name": "LockID",
                            "attribute.2068930648.type": "S",
                            "global_secondary_index.#": "0",
                            "hash_key": "LockID",
                            "id": "dynamodb-terraform-state-lock",
                            "local_secondary_index.#": "0",
                            "name": "dynamodb-terraform-state-lock",
                            "read_capacity": "20",
                            "server_side_encryption.#": "0",
                            "stream_arn": "",
                            "stream_enabled": "false",
                            "stream_label": "",
                            "stream_view_type": "",
                            "tags.%": "1",
                            "tags.Name": "dynamodb-terraform-state-lock",
                            "ttl.#": "0",
                            "write_capacity": "20"
                        },
                        "meta": {
                            "e2bfb730-ecaa-11e6-8f88-34363bc7c4c0": {
                                "create": 600000000000,
                                "delete": 600000000000,
                                "update": 600000000000
                            },
                            "schema_version": "1"
                        },
                        "tainted": false
                    },
                    "deposed": [],
                    "provider": "provider.aws"
                },
                "aws_s3_bucket.lambda-file": {
                    "type": "aws_s3_bucket",
                    "depends_on": [],
                    "primary": {
                        "id": "giancarlopetrini-lambda-file",
                        "attributes": {
                            "acceleration_status": "",
                            "acl": "private",
                            "arn": "arn:aws:s3:::giancarlopetrini-lambda-file",
                            "bucket": "giancarlopetrini-lambda-file",
                            "bucket_domain_name": "giancarlopetrini-lambda-file.s3.amazonaws.com",
                            "force_destroy": "true",
                            "hosted_zone_id": "Z3AQBSTGFYJSTF",
                            "id": "giancarlopetrini-lambda-file",
                            "logging.#": "0",
                            "region": "us-east-1",
                            "replication_configuration.#": "0",
                            "request_payer": "BucketOwner",
                            "server_side_encryption_configuration.#": "0",
                            "tags.%": "1",
                            "tags.Name": "giancarlopetrini-lambda-file",
                            "versioning.#": "1",
                            "versioning.0.enabled": "false",
                            "versioning.0.mfa_delete": "false",
                            "website.#": "0"
                        },
                        "meta": {},
                        "tainted": false
                    },
                    "deposed": [],
                    "provider": "provider.aws"
                },
                "aws_s3_bucket.terraform-state": {
                    "type": "aws_s3_bucket",
                    "depends_on": [],
                    "primary": {
                        "id": "terraform-state-s3-giancarlopetrini",
                        "attributes": {
                            "acceleration_status": "",
                            "acl": "private",
                            "arn": "arn:aws:s3:::terraform-state-s3-giancarlopetrini",
                            "bucket": "terraform-state-s3-giancarlopetrini",
                            "bucket_domain_name": "terraform-state-s3-giancarlopetrini.s3.amazonaws.com",
                            "force_destroy": "true",
                            "hosted_zone_id": "Z3AQBSTGFYJSTF",
                            "id": "terraform-state-s3-giancarlopetrini",
                            "logging.#": "0",
                            "region": "us-east-1",
                            "replication_configuration.#": "0",
                            "request_payer": "BucketOwner",
                            "server_side_encryption_configuration.#": "0",
                            "tags.%": "1",
                            "tags.Name": "terraform-state-s3-giancarlopetrini",
                            "versioning.#": "1",
                            "versioning.0.enabled": "true",
                            "versioning.0.mfa_delete": "false",
                            "website.#": "0"
                        },
                        "meta": {},
                        "tainted": false
                    },
                    "deposed": [],
                    "provider": "provider.aws"
                },
                "aws_s3_bucket_policy.terraform-state-policy": {
                    "type": "aws_s3_bucket_policy",
                    "depends_on": [
                        "aws_s3_bucket.terraform-state"
                    ],
                    "primary": {
                        "id": "terraform-state-s3-giancarlopetrini",
                        "attributes": {
                            "bucket": "terraform-state-s3-giancarlopetrini",
                            "id": "terraform-state-s3-giancarlopetrini",
                            "policy": "{\n    \"Version\": \"2012-10-17\",\n    \"Statement\": [{\n            \"Effect\": \"Allow\",\n            \"Principal\": {\n                \"AWS\": \"arn:aws:iam::511386816865:user/tfbuild\"\n            },\n            \"Action\": \"s3:ListBucket\",\n            \"Resource\": \"arn:aws:s3:::terraform-state-s3-giancarlopetrini\"\n        },\n        {\n            \"Effect\": \"Allow\",\n            \"Principal\": {\n                \"AWS\": \"arn:aws:iam::511386816865:user/tfbuild\"\n            },\n            \"Action\": [\"s3:GetObject\", \"s3:PutObject\"],\n            \"Resource\": \"arn:aws:s3:::terraform-state-s3-giancarlopetrini/terraform.tfstate\"\n        }\n    ]\n}\n"
                        },
                        "meta": {},
                        "tainted": false
                    },
                    "deposed": [],
                    "provider": "provider.aws"
                }
            },
            "depends_on": []
        }
    ]
}
